
Microsoft Visual Studio Solution File, Format Version 12.00
# Visual Studio 15
VisualStudioVersion = 15.0.26430.6
MinimumVisualStudioVersion = 10.0.40219.1
Project("{9092AA53-FB77-4645-B42D-1CCCA6BD08BD}") = "HISD.UI.MAS", "HISD.UI.MAS\HISD.UI.MAS.njsproj", "{30AE90A5-D5C3-43DB-9FA9-F52EB6DC346B}"
EndProject
Global
	GlobalSection(SolutionConfigurationPlatforms) = preSolution
		Debug|Any CPU = Debug|Any CPU
		Release|Any CPU = Release|Any CPU
	EndGlobalSection
	GlobalSection(ProjectConfigurationPlatforms) = postSolution
		{30AE90A5-D5C3-43DB-9FA9-F52EB6DC346B}.Debug|Any CPU.ActiveCfg = Debug|Any CPU
		{30AE90A5-D5C3-43DB-9FA9-F52EB6DC346B}.Debug|Any CPU.Build.0 = Debug|Any CPU
		{30AE90A5-D5C3-43DB-9FA9-F52EB6DC346B}.Release|Any CPU.ActiveCfg = Release|Any CPU
		{30AE90A5-D5C3-43DB-9FA9-F52EB6DC346B}.Release|Any CPU.Build.0 = Release|Any CPU
	EndGlobalSection
	GlobalSection(SolutionProperties) = preSolution
		HideSolutionNode = FALSE
	EndGlobalSection
	GlobalSection(TeamFoundationVersionControl) = preSolution
		SccNumberOfProjects = 2
		SccEnterpriseProvider = {4CA58AB2-18FA-4F8D-95D4-32DDF27D184C}
		SccTeamFoundationServer = http://tfsprodapp01:8080/tfs/sharepointcollection
		SccLocalPath0 = .
		SccProjectUniqueName1 = HISD.UI.MAS\\HISD.UI.MAS.njsproj
		SccProjectName1 = HISD.UI.MAS
		SccLocalPath1 = HISD.UI.MAS
	EndGlobalSection
EndGlobal
