
Microsoft Visual Studio Solution File, Format Version 12.00
# Visual Studio 15
VisualStudioVersion = 15.0.27130.2036
MinimumVisualStudioVersion = 10.0.40219.1
Project("{FAE04EC0-301F-11D3-BF4B-00C04F79EFBC}") = "HISD.SP2013.SWAV", "HISD.SP2013.SWAV\HISD.SP2013.SWAV.csproj", "{2E3DC949-4852-462D-AAF1-2045F4B69C53}"
EndProject
Global
	GlobalSection(SolutionConfigurationPlatforms) = preSolution
		Debug|Any CPU = Debug|Any CPU
		Release|Any CPU = Release|Any CPU
	EndGlobalSection
	GlobalSection(ProjectConfigurationPlatforms) = postSolution
		{2E3DC949-4852-462D-AAF1-2045F4B69C53}.Debug|Any CPU.ActiveCfg = Debug|Any CPU
		{2E3DC949-4852-462D-AAF1-2045F4B69C53}.Debug|Any CPU.Build.0 = Debug|Any CPU
		{2E3DC949-4852-462D-AAF1-2045F4B69C53}.Debug|Any CPU.Deploy.0 = Debug|Any CPU
		{2E3DC949-4852-462D-AAF1-2045F4B69C53}.Release|Any CPU.ActiveCfg = Release|Any CPU
		{2E3DC949-4852-462D-AAF1-2045F4B69C53}.Release|Any CPU.Build.0 = Release|Any CPU
		{2E3DC949-4852-462D-AAF1-2045F4B69C53}.Release|Any CPU.Deploy.0 = Release|Any CPU
	EndGlobalSection
	GlobalSection(SolutionProperties) = preSolution
		HideSolutionNode = FALSE
	EndGlobalSection
	GlobalSection(ExtensibilityGlobals) = postSolution
		SolutionGuid = {2C6DE440-947A-4350-B7A4-B38640D6949E}
	EndGlobalSection
	GlobalSection(TeamFoundationVersionControl) = preSolution
		SccNumberOfProjects = 2
		SccEnterpriseProvider = {4CA58AB2-18FA-4F8D-95D4-32DDF27D184C}
		SccTeamFoundationServer = http://tfsprodapp01:8080/tfs/sharepointcollection
		SccLocalPath0 = .
		SccProjectUniqueName1 = HISD.SP2013.SWAV\\HISD.SP2013.SWAV.csproj
		SccProjectName1 = HISD.SP2013.SWAV
		SccLocalPath1 = HISD.SP2013.SWAV
	EndGlobalSection
EndGlobal
