
Microsoft Visual Studio Solution File, Format Version 12.00
# Visual Studio 15
VisualStudioVersion = 15.0.27130.2027
MinimumVisualStudioVersion = 10.0.40219.1
Project("{FAE04EC0-301F-11D3-BF4B-00C04F79EFBC}") = "Mshp.Service", "Mshp.Service\Mshp.Service.csproj", "{72EC7337-F3AA-4A8B-8741-2EAAA3BCB2E4}"
EndProject
Global
	GlobalSection(SolutionConfigurationPlatforms) = preSolution
		Debug|Any CPU = Debug|Any CPU
		Release|Any CPU = Release|Any CPU
	EndGlobalSection
	GlobalSection(ProjectConfigurationPlatforms) = postSolution
		{72EC7337-F3AA-4A8B-8741-2EAAA3BCB2E4}.Debug|Any CPU.ActiveCfg = Debug|Any CPU
		{72EC7337-F3AA-4A8B-8741-2EAAA3BCB2E4}.Debug|Any CPU.Build.0 = Debug|Any CPU
		{72EC7337-F3AA-4A8B-8741-2EAAA3BCB2E4}.Release|Any CPU.ActiveCfg = Release|Any CPU
		{72EC7337-F3AA-4A8B-8741-2EAAA3BCB2E4}.Release|Any CPU.Build.0 = Release|Any CPU
	EndGlobalSection
	GlobalSection(SolutionProperties) = preSolution
		HideSolutionNode = FALSE
	EndGlobalSection
	GlobalSection(ExtensibilityGlobals) = postSolution
		SolutionGuid = {3D6B2484-A000-482C-81BC-8E1E4F09C9C4}
	EndGlobalSection
	GlobalSection(TeamFoundationVersionControl) = preSolution
		SccNumberOfProjects = 2
		SccEnterpriseProvider = {4CA58AB2-18FA-4F8D-95D4-32DDF27D184C}
		SccTeamFoundationServer = http://tfsprodapp01:8080/tfs/sharepointcollection
		SccLocalPath0 = .
		SccProjectUniqueName1 = Mshp.Service\\Mshp.Service.csproj
		SccProjectName1 = Mshp.Service
		SccLocalPath1 = Mshp.Service
	EndGlobalSection
EndGlobal
